Microsoft Visual Studio Solution File, Format Version 12.00
# Visual Studio Version 17
VisualStudioVersion = 17.5.2.0
MinimumVisualStudioVersion = 10.0.40219.1
Project("{FAE04EC0-301F-11D3-BF4B-00C04F79EFBC}") = "AI-RAG-Examples-KM", "AI-RAG-Examples-KM.csproj", "{3B412DA2-6032-8E15-FE57-23C0CC1FE302}"
EndProject
Global
	GlobalSection(SolutionConfigurationPlatforms) = preSolution
		Debug|Any CPU = Debug|Any CPU
		Release|Any CPU = Release|Any CPU
	EndGlobalSection
	GlobalSection(ProjectConfigurationPlatforms) = postSolution
		{3B412DA2-6032-8E15-FE57-23C0CC1FE302}.Debug|Any CPU.ActiveCfg = Debug|Any CPU
		{3B412DA2-6032-8E15-FE57-23C0CC1FE302}.Debug|Any CPU.Build.0 = Debug|Any CPU
		{3B412DA2-6032-8E15-FE57-23C0CC1FE302}.Release|Any CPU.ActiveCfg = Release|Any CPU
		{3B412DA2-6032-8E15-FE57-23C0CC1FE302}.Release|Any CPU.Build.0 = Release|Any CPU
	EndGlobalSection
	GlobalSection(SolutionProperties) = preSolution
		HideSolutionNode = FALSE
	EndGlobalSection
	GlobalSection(ExtensibilityGlobals) = postSolution
		SolutionGuid = {BAE73FBD-F0A4-4468-A23D-A92788328FC4}
	EndGlobalSection
EndGlobal
